
Microsoft Visual Studio Solution File, Format Version 12.00
# Visual Studio Version 17
VisualStudioVersion = 17.13.35931.197
MinimumVisualStudioVersion = 10.0.40219.1
Project("{2150E333-8FDC-42A3-9474-1A3956D46DE8}") = "Application", "Application", "{02EA681E-C7D8-13C7-8484-4AC65E1B71E8}"
EndProject
Project("{2150E333-8FDC-42A3-9474-1A3956D46DE8}") = "Domain", "Domain", "{8926BA7F-5656-465B-A2D5-5EF33FC72FC4}"
EndProject
Project("{2150E333-8FDC-42A3-9474-1A3956D46DE8}") = "Infrastructure", "Infrastructure", "{3A58A229-1292-4A6A-99E7-8743FD3BF056}"
EndProject
Project("{2150E333-8FDC-42A3-9474-1A3956D46DE8}") = "Modules", "Modules", "{5F2B5105-7B3C-44BC-A6AD-622CA1CAF61E}"
EndProject
Project("{2150E333-8FDC-42A3-9474-1A3956D46DE8}") = "Web", "Web", "{07ED5993-255E-42E8-A488-6B323EB33600}"
EndProject
Project("{2150E333-8FDC-42A3-9474-1A3956D46DE8}") = "Services", "Services", "{9F157606-CE8C-401B-8DC6-705F13AF35AC}"
EndProject
Project("{2150E333-8FDC-42A3-9474-1A3956D46DE8}") = "Authentication", "Authentication", "{749D9714-BAEC-4D40-933E-667DCEA4DB9E}"
EndProject
Project("{2150E333-8FDC-42A3-9474-1A3956D46DE8}") = "Document", "Document", "{59CDBF11-26E9-487E-A44B-47BDEE972DE9}"
EndProject
Project("{2150E333-8FDC-42A3-9474-1A3956D46DE8}") = "Localization", "Localization", "{48475F2E-3C2C-44F0-82A3-30F07C71C845}"
EndProject
Project("{2150E333-8FDC-42A3-9474-1A3956D46DE8}") = "Storage", "Storage", "{D15427AF-9DDE-4E53-A249-0A8DA04AF47F}"
EndProject
Project("{FAE04EC0-301F-11D3-BF4B-00C04F79EFBC}") = "Application", "Application\Application\Application.csproj", "{EE7C72F3-AD2F-3366-9B48-08D315216BA9}"
EndProject
Project("{FAE04EC0-301F-11D3-BF4B-00C04F79EFBC}") = "Application.Shared", "Application\Application.Shared\Application.Shared.csproj", "{57265AC2-1AD2-02EE-5BB3-8B389469FF77}"
EndProject
Project("{FAE04EC0-301F-11D3-BF4B-00C04F79EFBC}") = "Domain", "Domain\Domain\Domain.csproj", "{3F78FAB6-7F56-375E-B70C-60883B703675}"
EndProject
Project("{FAE04EC0-301F-11D3-BF4B-00C04F79EFBC}") = "Domain.Shared", "Domain\Domain.Shared\Domain.Shared.csproj", "{9B90AAE1-4FC6-664B-C46B-8CB24A6A0E37}"
EndProject
Project("{FAE04EC0-301F-11D3-BF4B-00C04F79EFBC}") = "Infrastructure.Services.Abstractions", "Infrastructure\Service\Infrastructure.Services.Abstractions\Infrastructure.Services.Abstractions.csproj", "{E03464CE-F020-FDC4-4C01-672BDFE441FB}"
EndProject
Project("{FAE04EC0-301F-11D3-BF4B-00C04F79EFBC}") = "Modules.Authentication.Abstractions", "Modules\Authentication\Modules.Authentication.Abstractions\Modules.Authentication.Abstractions.csproj", "{F8A7A31C-DCA4-02C2-C5F1-C804BE697CE5}"
EndProject
Project("{FAE04EC0-301F-11D3-BF4B-00C04F79EFBC}") = "Modules.Document.Abstractions", "Modules\Document\Modules.Document.Abstractions\Modules.Document.Abstractions.csproj", "{ED0F3F43-50E2-0FB4-8022-63F04DF69043}"
EndProject
Project("{FAE04EC0-301F-11D3-BF4B-00C04F79EFBC}") = "Modules.Localization.Abstractions", "Modules\Localization\Modules.Localization.Abstractions\Modules.Localization.Abstractions.csproj", "{BEC80846-6ECD-504D-EAC8-C7E5CC63FAA3}"
EndProject
Project("{FAE04EC0-301F-11D3-BF4B-00C04F79EFBC}") = "Modules.Storage.Abstractions", "Modules\Storage\Modules.Storage.Abstractions\Modules.Storage.Abstractions.csproj", "{1F48C02E-11B4-D0D1-CC05-B7396F29094E}"
EndProject
Project("{FAE04EC0-301F-11D3-BF4B-00C04F79EFBC}") = "Modules.Storage.Azure", "Modules\Storage\Modules.Storage.Azure\Modules.Storage.Azure.csproj", "{61408492-E0A6-2F40-184B-778539DD0ECA}"
EndProject
Project("{FAE04EC0-301F-11D3-BF4B-00C04F79EFBC}") = "Modules.Storage.Local", "Modules\Storage\Modules.Storage.Local\Modules.Storage.Local.csproj", "{E5AFB3F8-66CB-B6F8-F590-69B77C50F533}"
EndProject
Project("{FAE04EC0-301F-11D3-BF4B-00C04F79EFBC}") = "Web.Common", "Web\Web.Common\Web.Common.csproj", "{9B54DA1D-3CB5-43C2-6265-9B36BF92A2DC}"
EndProject
Project("{FAE04EC0-301F-11D3-BF4B-00C04F79EFBC}") = "Web.Api.Common", "Web\Web.Api.Common\Web.Api.Common.csproj", "{C4969CE0-5A0A-EB95-D815-70699915339C}"
EndProject
Global
	GlobalSection(SolutionConfigurationPlatforms) = preSolution
		Debug|Any CPU = Debug|Any CPU
		Release|Any CPU = Release|Any CPU
	EndGlobalSection
	GlobalSection(ProjectConfigurationPlatforms) = postSolution
		{EE7C72F3-AD2F-3366-9B48-08D315216BA9}.Debug|Any CPU.ActiveCfg = Debug|Any CPU
		{EE7C72F3-AD2F-3366-9B48-08D315216BA9}.Debug|Any CPU.Build.0 = Debug|Any CPU
		{EE7C72F3-AD2F-3366-9B48-08D315216BA9}.Release|Any CPU.ActiveCfg = Release|Any CPU
		{EE7C72F3-AD2F-3366-9B48-08D315216BA9}.Release|Any CPU.Build.0 = Release|Any CPU
		{57265AC2-1AD2-02EE-5BB3-8B389469FF77}.Debug|Any CPU.ActiveCfg = Debug|Any CPU
		{57265AC2-1AD2-02EE-5BB3-8B389469FF77}.Debug|Any CPU.Build.0 = Debug|Any CPU
		{57265AC2-1AD2-02EE-5BB3-8B389469FF77}.Release|Any CPU.ActiveCfg = Release|Any CPU
		{57265AC2-1AD2-02EE-5BB3-8B389469FF77}.Release|Any CPU.Build.0 = Release|Any CPU
		{3F78FAB6-7F56-375E-B70C-60883B703675}.Debug|Any CPU.ActiveCfg = Debug|Any CPU
		{3F78FAB6-7F56-375E-B70C-60883B703675}.Debug|Any CPU.Build.0 = Debug|Any CPU
		{3F78FAB6-7F56-375E-B70C-60883B703675}.Release|Any CPU.ActiveCfg = Release|Any CPU
		{3F78FAB6-7F56-375E-B70C-60883B703675}.Release|Any CPU.Build.0 = Release|Any CPU
		{9B90AAE1-4FC6-664B-C46B-8CB24A6A0E37}.Debug|Any CPU.ActiveCfg = Debug|Any CPU
		{9B90AAE1-4FC6-664B-C46B-8CB24A6A0E37}.Debug|Any CPU.Build.0 = Debug|Any CPU
		{9B90AAE1-4FC6-664B-C46B-8CB24A6A0E37}.Release|Any CPU.ActiveCfg = Release|Any CPU
		{9B90AAE1-4FC6-664B-C46B-8CB24A6A0E37}.Release|Any CPU.Build.0 = Release|Any CPU
		{E03464CE-F020-FDC4-4C01-672BDFE441FB}.Debug|Any CPU.ActiveCfg = Debug|Any CPU
		{E03464CE-F020-FDC4-4C01-672BDFE441FB}.Debug|Any CPU.Build.0 = Debug|Any CPU
		{E03464CE-F020-FDC4-4C01-672BDFE441FB}.Release|Any CPU.ActiveCfg = Release|Any CPU
		{E03464CE-F020-FDC4-4C01-672BDFE441FB}.Release|Any CPU.Build.0 = Release|Any CPU
		{F8A7A31C-DCA4-02C2-C5F1-C804BE697CE5}.Debug|Any CPU.ActiveCfg = Debug|Any CPU
		{F8A7A31C-DCA4-02C2-C5F1-C804BE697CE5}.Debug|Any CPU.Build.0 = Debug|Any CPU
		{F8A7A31C-DCA4-02C2-C5F1-C804BE697CE5}.Release|Any CPU.ActiveCfg = Release|Any CPU
		{F8A7A31C-DCA4-02C2-C5F1-C804BE697CE5}.Release|Any CPU.Build.0 = Release|Any CPU
		{ED0F3F43-50E2-0FB4-8022-63F04DF69043}.Debug|Any CPU.ActiveCfg = Debug|Any CPU
		{ED0F3F43-50E2-0FB4-8022-63F04DF69043}.Debug|Any CPU.Build.0 = Debug|Any CPU
		{ED0F3F43-50E2-0FB4-8022-63F04DF69043}.Release|Any CPU.ActiveCfg = Release|Any CPU
		{ED0F3F43-50E2-0FB4-8022-63F04DF69043}.Release|Any CPU.Build.0 = Release|Any CPU
		{BEC80846-6ECD-504D-EAC8-C7E5CC63FAA3}.Debug|Any CPU.ActiveCfg = Debug|Any CPU
		{BEC80846-6ECD-504D-EAC8-C7E5CC63FAA3}.Debug|Any CPU.Build.0 = Debug|Any CPU
		{BEC80846-6ECD-504D-EAC8-C7E5CC63FAA3}.Release|Any CPU.ActiveCfg = Release|Any CPU
		{BEC80846-6ECD-504D-EAC8-C7E5CC63FAA3}.Release|Any CPU.Build.0 = Release|Any CPU
		{1F48C02E-11B4-D0D1-CC05-B7396F29094E}.Debug|Any CPU.ActiveCfg = Debug|Any CPU
		{1F48C02E-11B4-D0D1-CC05-B7396F29094E}.Debug|Any CPU.Build.0 = Debug|Any CPU
		{1F48C02E-11B4-D0D1-CC05-B7396F29094E}.Release|Any CPU.ActiveCfg = Release|Any CPU
		{1F48C02E-11B4-D0D1-CC05-B7396F29094E}.Release|Any CPU.Build.0 = Release|Any CPU
		{61408492-E0A6-2F40-184B-778539DD0ECA}.Debug|Any CPU.ActiveCfg = Debug|Any CPU
		{61408492-E0A6-2F40-184B-778539DD0ECA}.Debug|Any CPU.Build.0 = Debug|Any CPU
		{61408492-E0A6-2F40-184B-778539DD0ECA}.Release|Any CPU.ActiveCfg = Release|Any CPU
		{61408492-E0A6-2F40-184B-778539DD0ECA}.Release|Any CPU.Build.0 = Release|Any CPU
		{E5AFB3F8-66CB-B6F8-F590-69B77C50F533}.Debug|Any CPU.ActiveCfg = Debug|Any CPU
		{E5AFB3F8-66CB-B6F8-F590-69B77C50F533}.Debug|Any CPU.Build.0 = Debug|Any CPU
		{E5AFB3F8-66CB-B6F8-F590-69B77C50F533}.Release|Any CPU.ActiveCfg = Release|Any CPU
		{E5AFB3F8-66CB-B6F8-F590-69B77C50F533}.Release|Any CPU.Build.0 = Release|Any CPU
		{9B54DA1D-3CB5-43C2-6265-9B36BF92A2DC}.Debug|Any CPU.ActiveCfg = Debug|Any CPU
		{9B54DA1D-3CB5-43C2-6265-9B36BF92A2DC}.Debug|Any CPU.Build.0 = Debug|Any CPU
		{9B54DA1D-3CB5-43C2-6265-9B36BF92A2DC}.Release|Any CPU.ActiveCfg = Release|Any CPU
		{9B54DA1D-3CB5-43C2-6265-9B36BF92A2DC}.Release|Any CPU.Build.0 = Release|Any CPU
		{C4969CE0-5A0A-EB95-D815-70699915339C}.Debug|Any CPU.ActiveCfg = Debug|Any CPU
		{C4969CE0-5A0A-EB95-D815-70699915339C}.Debug|Any CPU.Build.0 = Debug|Any CPU
		{C4969CE0-5A0A-EB95-D815-70699915339C}.Release|Any CPU.ActiveCfg = Release|Any CPU
		{C4969CE0-5A0A-EB95-D815-70699915339C}.Release|Any CPU.Build.0 = Release|Any CPU
	EndGlobalSection
	GlobalSection(SolutionProperties) = preSolution
		HideSolutionNode = FALSE
	EndGlobalSection
	GlobalSection(NestedProjects) = preSolution
		{9F157606-CE8C-401B-8DC6-705F13AF35AC} = {3A58A229-1292-4A6A-99E7-8743FD3BF056}
		{749D9714-BAEC-4D40-933E-667DCEA4DB9E} = {5F2B5105-7B3C-44BC-A6AD-622CA1CAF61E}
		{59CDBF11-26E9-487E-A44B-47BDEE972DE9} = {5F2B5105-7B3C-44BC-A6AD-622CA1CAF61E}
		{48475F2E-3C2C-44F0-82A3-30F07C71C845} = {5F2B5105-7B3C-44BC-A6AD-622CA1CAF61E}
		{D15427AF-9DDE-4E53-A249-0A8DA04AF47F} = {5F2B5105-7B3C-44BC-A6AD-622CA1CAF61E}
		{EE7C72F3-AD2F-3366-9B48-08D315216BA9} = {02EA681E-C7D8-13C7-8484-4AC65E1B71E8}
		{57265AC2-1AD2-02EE-5BB3-8B389469FF77} = {02EA681E-C7D8-13C7-8484-4AC65E1B71E8}
		{3F78FAB6-7F56-375E-B70C-60883B703675} = {8926BA7F-5656-465B-A2D5-5EF33FC72FC4}
		{9B90AAE1-4FC6-664B-C46B-8CB24A6A0E37} = {8926BA7F-5656-465B-A2D5-5EF33FC72FC4}
		{E03464CE-F020-FDC4-4C01-672BDFE441FB} = {9F157606-CE8C-401B-8DC6-705F13AF35AC}
		{F8A7A31C-DCA4-02C2-C5F1-C804BE697CE5} = {749D9714-BAEC-4D40-933E-667DCEA4DB9E}
		{ED0F3F43-50E2-0FB4-8022-63F04DF69043} = {59CDBF11-26E9-487E-A44B-47BDEE972DE9}
		{BEC80846-6ECD-504D-EAC8-C7E5CC63FAA3} = {48475F2E-3C2C-44F0-82A3-30F07C71C845}
		{1F48C02E-11B4-D0D1-CC05-B7396F29094E} = {D15427AF-9DDE-4E53-A249-0A8DA04AF47F}
		{61408492-E0A6-2F40-184B-778539DD0ECA} = {D15427AF-9DDE-4E53-A249-0A8DA04AF47F}
		{E5AFB3F8-66CB-B6F8-F590-69B77C50F533} = {D15427AF-9DDE-4E53-A249-0A8DA04AF47F}
		{9B54DA1D-3CB5-43C2-6265-9B36BF92A2DC} = {07ED5993-255E-42E8-A488-6B323EB33600}
		{C4969CE0-5A0A-EB95-D815-70699915339C} = {07ED5993-255E-42E8-A488-6B323EB33600}
	EndGlobalSection
	GlobalSection(ExtensibilityGlobals) = postSolution
		SolutionGuid = {3B94617E-6C5B-4398-A355-E77860693F04}
	EndGlobalSection
EndGlobal
